
Microsoft Visual Studio Solution File, Format Version 12.00
# Visual Studio 15
VisualStudioVersion = 15.0.28307.106
MinimumVisualStudioVersion = 10.0.40219.1
Project("{9A19103F-16F7-4668-BE54-9A1E7A4F7556}") = "BEFOYS.WEB", "BEFOYS.WEB\BEFOYS.WEB.csproj", "{660FE1B8-F5E7-482F-BAEB-6C9E9CC72110}"
EndProject
Project("{9A19103F-16F7-4668-BE54-9A1E7A4F7556}") = "BEFOYS.Common", "BEFOYS.Common\BEFOYS.Common.csproj", "{09C0DAF2-641A-4BFF-B1CF-24F06644A522}"
EndProject
Project("{9A19103F-16F7-4668-BE54-9A1E7A4F7556}") = "BEFOYS.Service", "BEFOYS.Service\BEFOYS.Service.csproj", "{ACCB79F4-DA2D-4ACF-899A-CD96591352F7}"
EndProject
Project("{FAE04EC0-301F-11D3-BF4B-00C04F79EFBC}") = "BEFOYS.DataLayer", "BEFOYS.DataLayer\BEFOYS.DataLayer.csproj", "{B297DB72-D956-4DE0-ACF8-8386EF4F03A6}"
EndProject
Global
	GlobalSection(SolutionConfigurationPlatforms) = preSolution
		Debug|Any CPU = Debug|Any CPU
		Release|Any CPU = Release|Any CPU
	EndGlobalSection
	GlobalSection(ProjectConfigurationPlatforms) = postSolution
		{660FE1B8-F5E7-482F-BAEB-6C9E9CC72110}.Debug|Any CPU.ActiveCfg = Debug|Any CPU
		{660FE1B8-F5E7-482F-BAEB-6C9E9CC72110}.Debug|Any CPU.Build.0 = Debug|Any CPU
		{660FE1B8-F5E7-482F-BAEB-6C9E9CC72110}.Release|Any CPU.ActiveCfg = Release|Any CPU
		{660FE1B8-F5E7-482F-BAEB-6C9E9CC72110}.Release|Any CPU.Build.0 = Release|Any CPU
		{09C0DAF2-641A-4BFF-B1CF-24F06644A522}.Debug|Any CPU.ActiveCfg = Debug|Any CPU
		{09C0DAF2-641A-4BFF-B1CF-24F06644A522}.Debug|Any CPU.Build.0 = Debug|Any CPU
		{09C0DAF2-641A-4BFF-B1CF-24F06644A522}.Release|Any CPU.ActiveCfg = Release|Any CPU
		{09C0DAF2-641A-4BFF-B1CF-24F06644A522}.Release|Any CPU.Build.0 = Release|Any CPU
		{ACCB79F4-DA2D-4ACF-899A-CD96591352F7}.Debug|Any CPU.ActiveCfg = Debug|Any CPU
		{ACCB79F4-DA2D-4ACF-899A-CD96591352F7}.Debug|Any CPU.Build.0 = Debug|Any CPU
		{ACCB79F4-DA2D-4ACF-899A-CD96591352F7}.Release|Any CPU.ActiveCfg = Release|Any CPU
		{ACCB79F4-DA2D-4ACF-899A-CD96591352F7}.Release|Any CPU.Build.0 = Release|Any CPU
		{B297DB72-D956-4DE0-ACF8-8386EF4F03A6}.Debug|Any CPU.ActiveCfg = Debug|Any CPU
		{B297DB72-D956-4DE0-ACF8-8386EF4F03A6}.Debug|Any CPU.Build.0 = Debug|Any CPU
		{B297DB72-D956-4DE0-ACF8-8386EF4F03A6}.Release|Any CPU.ActiveCfg = Release|Any CPU
		{B297DB72-D956-4DE0-ACF8-8386EF4F03A6}.Release|Any CPU.Build.0 = Release|Any CPU
	EndGlobalSection
	GlobalSection(SolutionProperties) = preSolution
		HideSolutionNode = FALSE
	EndGlobalSection
	GlobalSection(ExtensibilityGlobals) = postSolution
		SolutionGuid = {060BD7B0-ED77-4795-8595-83E99C368B4D}
	EndGlobalSection
EndGlobal
