
Microsoft Visual Studio Solution File, Format Version 12.00
# Visual Studio Version 16
VisualStudioVersion = 16.0.29519.87
MinimumVisualStudioVersion = 10.0.40219.1
Project("{9A19103F-16F7-4668-BE54-9A1E7A4F7556}") = "BEFOYS.WEB", "BEFOYS.WEB\BEFOYS.WEB.csproj", "{660FE1B8-F5E7-482F-BAEB-6C9E9CC72110}"
EndProject
Project("{9A19103F-16F7-4668-BE54-9A1E7A4F7556}") = "BEFOYS.DataLayer", "BEFOYS.DataLayer\BEFOYS.DataLayer.csproj", "{B297DB72-D956-4DE0-ACF8-8386EF4F03A6}"
EndProject
Project("{9A19103F-16F7-4668-BE54-9A1E7A4F7556}") = "BEFOYS.Service", "BEFOYS.Service\BEFOYS.Service.csproj", "{6ED60E49-AE58-44FB-B874-4E1EB15EE331}"
EndProject
Project("{9A19103F-16F7-4668-BE54-9A1E7A4F7556}") = "BEFOYS.Common", "BEFOYS.Common\BEFOYS.Common.csproj", "{48F96A12-27CE-45BA-838A-174DC9571384}"
EndProject
Project("{FAE04EC0-301F-11D3-BF4B-00C04F79EFBC}") = "BEFOYS.PANEL", "BEFOYS.PANEL\BEFOYS.PANEL.csproj", "{C4952AE4-A6CC-47FA-99D5-213D5BE81910}"
EndProject
Global
	GlobalSection(SolutionConfigurationPlatforms) = preSolution
		Debug|Any CPU = Debug|Any CPU
		Release|Any CPU = Release|Any CPU
	EndGlobalSection
	GlobalSection(ProjectConfigurationPlatforms) = postSolution
		{660FE1B8-F5E7-482F-BAEB-6C9E9CC72110}.Debug|Any CPU.ActiveCfg = Debug|Any CPU
		{660FE1B8-F5E7-482F-BAEB-6C9E9CC72110}.Debug|Any CPU.Build.0 = Debug|Any CPU
		{660FE1B8-F5E7-482F-BAEB-6C9E9CC72110}.Release|Any CPU.ActiveCfg = Release|Any CPU
		{660FE1B8-F5E7-482F-BAEB-6C9E9CC72110}.Release|Any CPU.Build.0 = Release|Any CPU
		{B297DB72-D956-4DE0-ACF8-8386EF4F03A6}.Debug|Any CPU.ActiveCfg = Debug|Any CPU
		{B297DB72-D956-4DE0-ACF8-8386EF4F03A6}.Debug|Any CPU.Build.0 = Debug|Any CPU
		{B297DB72-D956-4DE0-ACF8-8386EF4F03A6}.Release|Any CPU.ActiveCfg = Release|Any CPU
		{B297DB72-D956-4DE0-ACF8-8386EF4F03A6}.Release|Any CPU.Build.0 = Release|Any CPU
		{6ED60E49-AE58-44FB-B874-4E1EB15EE331}.Debug|Any CPU.ActiveCfg = Debug|Any CPU
		{6ED60E49-AE58-44FB-B874-4E1EB15EE331}.Debug|Any CPU.Build.0 = Debug|Any CPU
		{6ED60E49-AE58-44FB-B874-4E1EB15EE331}.Release|Any CPU.ActiveCfg = Release|Any CPU
		{6ED60E49-AE58-44FB-B874-4E1EB15EE331}.Release|Any CPU.Build.0 = Release|Any CPU
		{48F96A12-27CE-45BA-838A-174DC9571384}.Debug|Any CPU.ActiveCfg = Debug|Any CPU
		{48F96A12-27CE-45BA-838A-174DC9571384}.Debug|Any CPU.Build.0 = Debug|Any CPU
		{48F96A12-27CE-45BA-838A-174DC9571384}.Release|Any CPU.ActiveCfg = Release|Any CPU
		{48F96A12-27CE-45BA-838A-174DC9571384}.Release|Any CPU.Build.0 = Release|Any CPU
		{C4952AE4-A6CC-47FA-99D5-213D5BE81910}.Debug|Any CPU.ActiveCfg = Debug|Any CPU
		{C4952AE4-A6CC-47FA-99D5-213D5BE81910}.Debug|Any CPU.Build.0 = Debug|Any CPU
		{C4952AE4-A6CC-47FA-99D5-213D5BE81910}.Release|Any CPU.ActiveCfg = Release|Any CPU
		{C4952AE4-A6CC-47FA-99D5-213D5BE81910}.Release|Any CPU.Build.0 = Release|Any CPU
	EndGlobalSection
	GlobalSection(SolutionProperties) = preSolution
		HideSolutionNode = FALSE
	EndGlobalSection
	GlobalSection(ExtensibilityGlobals) = postSolution
		SolutionGuid = {060BD7B0-ED77-4795-8595-83E99C368B4D}
	EndGlobalSection
EndGlobal
